// !$*UTF8*$!
{
	archiveVersion = 1;
	classes = {
	};
	objectVersion = 50;
	objects = {

/* Begin PBXBuildFile section */
		8264773624A2394D00AA26D7 /* AppDelegate.swift in Sources */ = {isa = PBXBuildFile; fileRef = 8264773524A2394D00AA26D7 /* AppDelegate.swift */; };
		8264773824A2394D00AA26D7 /* SceneDelegate.swift in Sources */ = {isa = PBXBuildFile; fileRef = 8264773724A2394D00AA26D7 /* SceneDelegate.swift */; };
		8264773A24A2394D00AA26D7 /* ViewController.swift in Sources */ = {isa = PBXBuildFile; fileRef = 8264773924A2394D00AA26D7 /* ViewController.swift */; };
		8264773D24A2394D00AA26D7 /* Main.storyboard in Resources */ = {isa = PBXBuildFile; fileRef = 8264773B24A2394D00AA26D7 /* Main.storyboard */; };
		8264773F24A2396200AA26D7 /* Assets.xcassets in Resources */ = {isa = PBXBuildFile; fileRef = 8264773E24A2396200AA26D7 /* Assets.xcassets */; };
		8264774224A2396200AA26D7 /* LaunchScreen.storyboard in Resources */ = {isa = PBXBuildFile; fileRef = 8264774024A2396200AA26D7 /* LaunchScreen.storyboard */; };
		8264774D24A2396300AA26D7 /* LetsEatTests.swift in Sources */ = {isa = PBXBuildFile; fileRef = 8264774C24A2396300AA26D7 /* LetsEatTests.swift */; };
		8264775824A2396300AA26D7 /* LetsEatUITests.swift in Sources */ = {isa = PBXBuildFile; fileRef = 8264775724A2396300AA26D7 /* LetsEatUITests.swift */; };
/* End PBXBuildFile section */

/* Begin PBXContainerItemProxy section */
		8264774924A2396200AA26D7 /* PBXContainerItemProxy */ = {
			isa = PBXContainerItemProxy;
			containerPortal = 8264772A24A2394D00AA26D7 /* Project object */;
			proxyType = 1;
			remoteGlobalIDString = 8264773124A2394D00AA26D7;
			remoteInfo = LetsEat;
		};
		8264775424A2396300AA26D7 /* PBXContainerItemProxy */ = {
			isa = PBXContainerItemProxy;
			containerPortal = 8264772A24A2394D00AA26D7 /* Project object */;
			proxyType = 1;
			remoteGlobalIDString = 8264773124A2394D00AA26D7;
			remoteInfo = LetsEat;
		};
/* End PBXContainerItemProxy section */

/* Begin PBXFileReference section */
		8264773224A2394D00AA26D7 /* LetsEat.app */ = {isa = PBXFileReference; explicitFileType = wrapper.application; includeInIndex = 0; path = LetsEat.app; sourceTree = BUILT_PRODUCTS_DIR; };
		8264773524A2394D00AA26D7 /* AppDelegate.swift */ = {isa = PBXFileReference; lastKnownFileType = sourcecode.swift; path = AppDelegate.swift; sourceTree = "<group>"; };
		8264773724A2394D00AA26D7 /* SceneDelegate.swift */ = {isa = PBXFileReference; lastKnownFileType = sourcecode.swift; path = SceneDelegate.swift; sourceTree = "<group>"; };
		8264773924A2394D00AA26D7 /* ViewController.swift */ = {isa = PBXFileReference; lastKnownFileType = sourcecode.swift; path = ViewController.swift; sourceTree = "<group>"; };
		8264773C24A2394D00AA26D7 /* Base */ = {isa = PBXFileReference; lastKnownFileType = file.storyboard; name = Base; path = Base.lproj/Main.storyboard; sourceTree = "<group>"; };
		8264773E24A2396200AA26D7 /* Assets.xcassets */ = {isa = PBXFileReference; lastKnownFileType = folder.assetcatalog; path = Assets.xcassets; sourceTree = "<group>"; };
		8264774124A2396200AA26D7 /* Base */ = {isa = PBXFileReference; lastKnownFileType = file.storyboard; name = Base; path = Base.lproj/LaunchScreen.storyboard; sourceTree = "<group>"; };
		8264774324A2396200AA26D7 /* Info.plist */ = {isa = PBXFileReference; lastKnownFileType = text.plist.xml; path = Info.plist; sourceTree = "<group>"; };
		8264774824A2396200AA26D7 /* LetsEatTests.xctest */ = {isa = PBXFileReference; explicitFileType = wrapper.cfbundle; includeInIndex = 0; path = LetsEatTests.xctest; sourceTree = BUILT_PRODUCTS_DIR; };
		8264774C24A2396300AA26D7 /* LetsEatTests.swift */ = {isa = PBXFileReference; lastKnownFileType = sourcecode.swift; path = LetsEatTests.swift; sourceTree = "<group>"; };
		8264774E24A2396300AA26D7 /* Info.plist */ = {isa = PBXFileReference; lastKnownFileType = text.plist.xml; path = Info.plist; sourceTree = "<group>"; };
		8264775324A2396300AA26D7 /* LetsEatUITests.xctest */ = {isa = PBXFileReference; explicitFileType = wrapper.cfbundle; includeInIndex = 0; path = LetsEatUITests.xctest; sourceTree = BUILT_PRODUCTS_DIR; };
		8264775724A2396300AA26D7 /* LetsEatUITests.swift */ = {isa = PBXFileReference; lastKnownFileType = sourcecode.swift; path = LetsEatUITests.swift; sourceTree = "<group>"; };
		8264775924A2396400AA26D7 /* Info.plist */ = {isa = PBXFileReference; lastKnownFileType = text.plist.xml; path = Info.plist; sourceTree = "<group>"; };
/* End PBXFileReference section */

/* Begin PBXFrameworksBuildPhase section */
		8264772F24A2394D00AA26D7 /* Frameworks */ = {
			isa = PBXFrameworksBuildPhase;
			buildActionMask = 2147483647;
			files = (
			);
			runOnlyForDeploymentPostprocessing = 0;
		};
		8264774524A2396200AA26D7 /* Frameworks */ = {
			isa = PBXFrameworksBuildPhase;
			buildActionMask = 2147483647;
			files = (
			);
			runOnlyForDeploymentPostprocessing = 0;
		};
		8264775024A2396300AA26D7 /* Frameworks */ = {
			isa = PBXFrameworksBuildPhase;
			buildActionMask = 2147483647;
			files = (
			);
			runOnlyForDeploymentPostprocessing = 0;
		};
/* End PBXFrameworksBuildPhase section */

/* Begin PBXGroup section */
		8264772924A2394D00AA26D7 = {
			isa = PBXGroup;
			children = (
				8264773424A2394D00AA26D7 /* LetsEat */,
				8264774B24A2396200AA26D7 /* LetsEatTests */,
				8264775624A2396300AA26D7 /* LetsEatUITests */,
				8264773324A2394D00AA26D7 /* Products */,
			);
			sourceTree = "<group>";
		};
		8264773324A2394D00AA26D7 /* Products */ = {
			isa = PBXGroup;
			children = (
				8264773224A2394D00AA26D7 /* LetsEat.app */,
				8264774824A2396200AA26D7 /* LetsEatTests.xctest */,
				8264775324A2396300AA26D7 /* LetsEatUITests.xctest */,
			);
			name = Products;
			sourceTree = "<group>";
		};
		8264773424A2394D00AA26D7 /* LetsEat */ = {
			isa = PBXGroup;
			children = (
				8264773524A2394D00AA26D7 /* AppDelegate.swift */,
				8264773724A2394D00AA26D7 /* SceneDelegate.swift */,
				8264773924A2394D00AA26D7 /* ViewController.swift */,
				8264773B24A2394D00AA26D7 /* Main.storyboard */,
				8264773E24A2396200AA26D7 /* Assets.xcassets */,
				8264774024A2396200AA26D7 /* LaunchScreen.storyboard */,
				8264774324A2396200AA26D7 /* Info.plist */,
			);
			path = LetsEat;
			sourceTree = "<group>";
		};
		8264774B24A2396200AA26D7 /* LetsEatTests */ = {
			isa = PBXGroup;
			children = (
				8264774C24A2396300AA26D7 /* LetsEatTests.swift */,
				8264774E24A2396300AA26D7 /* Info.plist */,
			);
			path = LetsEatTests;
			sourceTree = "<group>";
		};
		8264775624A2396300AA26D7 /* LetsEatUITests */ = {
			isa = PBXGroup;
			children = (
				8264775724A2396300AA26D7 /* LetsEatUITests.swift */,
				8264775924A2396400AA26D7 /* Info.plist */,
			);
			path = LetsEatUITests;
			sourceTree = "<group>";
		};
/* End PBXGroup section */

/* Begin PBXNativeTarget section */
		8264773124A2394D00AA26D7 /* LetsEat */ = {
			isa = PBXNativeTarget;
			buildConfigurationList = 8264775C24A2396400AA26D7 /* Build configuration list for PBXNativeTarget "LetsEat" */;
			buildPhases = (
				8264772E24A2394D00AA26D7 /* Sources */,
				8264772F24A2394D00AA26D7 /* Frameworks */,
				8264773024A2394D00AA26D7 /* Resources */,
			);
			buildRules = (
			);
			dependencies = (
			);
			name = LetsEat;
			productName = LetsEat;
			productReference = 8264773224A2394D00AA26D7 /* LetsEat.app */;
			productType = "com.apple.product-type.application";
		};
		8264774724A2396200AA26D7 /* LetsEatTests */ = {
			isa = PBXNativeTarget;
			buildConfigurationList = 8264775F24A2396400AA26D7 /* Build configuration list for PBXNativeTarget "LetsEatTests" */;
			buildPhases = (
				8264774424A2396200AA26D7 /* Sources */,
				8264774524A2396200AA26D7 /* Frameworks */,
				8264774624A2396200AA26D7 /* Resources */,
			);
			buildRules = (
			);
			dependencies = (
				8264774A24A2396200AA26D7 /* PBXTargetDependency */,
			);
			name = LetsEatTests;
			productName = LetsEatTests;
			productReference = 8264774824A2396200AA26D7 /* LetsEatTests.xctest */;
			productType = "com.apple.product-type.bundle.unit-test";
		};
		8264775224A2396300AA26D7 /* LetsEatUITests */ = {
			isa = PBXNativeTarget;
			buildConfigurationList = 8264776224A2396400AA26D7 /* Build configuration list for PBXNativeTarget "LetsEatUITests" */;
			buildPhases = (
				8264774F24A2396300AA26D7 /* Sources */,
				8264775024A2396300AA26D7 /* Frameworks */,
				8264775124A2396300AA26D7 /* Resources */,
			);
			buildRules = (
			);
			dependencies = (
				8264775524A2396300AA26D7 /* PBXTargetDependency */,
			);
			name = LetsEatUITests;
			productName = LetsEatUITests;
			productReference = 8264775324A2396300AA26D7 /* LetsEatUITests.xctest */;
			productType = "com.apple.product-type.bundle.ui-testing";
		};
/* End PBXNativeTarget section */

/* Begin PBXProject section */
		8264772A24A2394D00AA26D7 /* Project object */ = {
			isa = PBXProject;
			attributes = {
				LastSwiftUpdateCheck = 1150;
				LastUpgradeCheck = 1150;
				ORGANIZATIONNAME = "Guy  Boscawen";
				TargetAttributes = {
					8264773124A2394D00AA26D7 = {
						CreatedOnToolsVersion = 11.5;
					};
					8264774724A2396200AA26D7 = {
						CreatedOnToolsVersion = 11.5;
						TestTargetID = 8264773124A2394D00AA26D7;
					};
					8264775224A2396300AA26D7 = {
						CreatedOnToolsVersion = 11.5;
						TestTargetID = 8264773124A2394D00AA26D7;
					};
				};
			};
			buildConfigurationList = 8264772D24A2394D00AA26D7 /* Build configuration list for PBXProject "LetsEat" */;
			compatibilityVersion = "Xcode 9.3";
			developmentRegion = en;
			hasScannedForEncodings = 0;
			knownRegions = (
				en,
				Base,
			);
			mainGroup = 8264772924A2394D00AA26D7;
			productRefGroup = 8264773324A2394D00AA26D7 /* Products */;
			projectDirPath = "";
			projectRoot = "";
			targets = (
				8264773124A2394D00AA26D7 /* LetsEat */,
				8264774724A2396200AA26D7 /* LetsEatTests */,
				8264775224A2396300AA26D7 /* LetsEatUITests */,
			);
		};
/* End PBXProject section */

/* Begin PBXResourcesBuildPhase section */
		8264773024A2394D00AA26D7 /* Resources */ = {
			isa = PBXResourcesBuildPhase;
			buildActionMask = 2147483647;
			files = (
				8264774224A2396200AA26D7 /* LaunchScreen.storyboard in Resources */,
				8264773F24A2396200AA26D7 /* Assets.xcassets in Resources */,
				8264773D24A2394D00AA26D7 /* Main.storyboard in Resources */,
			);
			runOnlyForDeploymentPostprocessing = 0;
		};
		8264774624A2396200AA26D7 /* Resources */ = {
			isa = PBXResourcesBuildPhase;
			buildActionMask = 2147483647;
			files = (
			);
			runOnlyForDeploymentPostprocessing = 0;
		};
		8264775124A2396300AA26D7 /* Resources */ = {
			isa = PBXResourcesBuildPhase;
			buildActionMask = 2147483647;
			files = (
			);
			runOnlyForDeploymentPostprocessing = 0;
		};
/* End PBXResourcesBuildPhase section */

/* Begin PBXSourcesBuildPhase section */
		8264772E24A2394D00AA26D7 /* Sources */ = {
			isa = PBXSourcesBuildPhase;
			buildActionMask = 2147483647;
			files = (
				8264773A24A2394D00AA26D7 /* ViewController.swift in Sources */,
				8264773624A2394D00AA26D7 /* AppDelegate.swift in Sources */,
				8264773824A2394D00AA26D7 /* SceneDelegate.swift in Sources */,
			);
			runOnlyForDeploymentPostprocessing = 0;
		};
		8264774424A2396200AA26D7 /* Sources */ = {
			isa = PBXSourcesBuildPhase;
			buildActionMask = 2147483647;
			files = (
				8264774D24A2396300AA26D7 /* LetsEatTests.swift in Sources */,
			);
			runOnlyForDeploymentPostprocessing = 0;
		};
		8264774F24A2396300AA26D7 /* Sources */ = {
			isa = PBXSourcesBuildPhase;
			buildActionMask = 2147483647;
			files = (
				8264775824A2396300AA26D7 /* LetsEatUITests.swift in Sources */,
			);
			runOnlyForDeploymentPostprocessing = 0;
		};
/* End PBXSourcesBuildPhase section */

/* Begin PBXTargetDependency section */
		8264774A24A2396200AA26D7 /* PBXTargetDependency */ = {
			isa = PBXTargetDependency;
			target = 8264773124A2394D00AA26D7 /* LetsEat */;
			targetProxy = 8264774924A2396200AA26D7 /* PBXContainerItemProxy */;
		};
		8264775524A2396300AA26D7 /* PBXTargetDependency */ = {
			isa = PBXTargetDependency;
			target = 8264773124A2394D00AA26D7 /* LetsEat */;
			targetProxy = 8264775424A2396300AA26D7 /* PBXContainerItemProxy */;
		};
/* End PBXTargetDependency section */

/* Begin PBXVariantGroup section */
		8264773B24A2394D00AA26D7 /* Main.storyboard */ = {
			isa = PBXVariantGroup;
			children = (
				8264773C24A2394D00AA26D7 /* Base */,
			);
			name = Main.storyboard;
			sourceTree = "<group>";
		};
		8264774024A2396200AA26D7 /* LaunchScreen.storyboard */ = {
			isa = PBXVariantGroup;
			children = (
				8264774124A2396200AA26D7 /* Base */,
			);
			name = LaunchScreen.storyboard;
			sourceTree = "<group>";
		};
/* End PBXVariantGroup section */

/* Begin XCBuildConfiguration section */
		8264775A24A2396400AA26D7 /* Debug */ = {
			isa = XCBuildConfiguration;
			buildSettings = {
				ALWAYS_SEARCH_USER_PATHS = NO;
				CLANG_ANALYZER_NONNULL = YES;
				CLANG_ANALYZER_NUMBER_OBJECT_CONVERSION = YES_AGGRESSIVE;
				CLANG_CXX_LANGUAGE_STANDARD = "gnu++14";
				CLANG_CXX_LIBRARY = "libc++";
				CLANG_ENABLE_MODULES = YES;
				CLANG_ENABLE_OBJC_ARC = YES;
				CLANG_ENABLE_OBJC_WEAK = YES;
				CLANG_WARN_BLOCK_CAPTURE_AUTORELEASING = YES;
				CLANG_WARN_BOOL_CONVERSION = YES;
				CLANG_WARN_COMMA = YES;
				CLANG_WARN_CONSTANT_CONVERSION = YES;
				CLANG_WARN_DEPRECATED_OBJC_IMPLEMENTATIONS = YES;
				CLANG_WARN_DIRECT_OBJC_ISA_USAGE = YES_ERROR;
				CLANG_WARN_DOCUMENTATION_COMMENTS = YES;
				CLANG_WARN_EMPTY_BODY = YES;
				CLANG_WARN_ENUM_CONVERSION = YES;
				CLANG_WARN_INFINITE_RECURSION = YES;
				CLANG_WARN_INT_CONVERSION = YES;
				CLANG_WARN_NON_LITERAL_NULL_CONVERSION = YES;
				CLANG_WARN_OBJC_IMPLICIT_RETAIN_SELF = YES;
				CLANG_WARN_OBJC_LITERAL_CONVERSION = YES;
				CLANG_WARN_OBJC_ROOT_CLASS = YES_ERROR;
				CLANG_WARN_RANGE_LOOP_ANALYSIS = YES;
				CLANG_WARN_STRICT_PROTOTYPES = YES;
				CLANG_WARN_SUSPICIOUS_MOVE = YES;
				CLANG_WARN_UNGUARDED_AVAILABILITY = YES_AGGRESSIVE;
				CLANG_WARN_UNREACHABLE_CODE = YES;
				CLANG_WARN__DUPLICATE_METHOD_MATCH = YES;
				COPY_PHASE_STRIP = NO;
				DEBUG_INFORMATION_FORMAT = dwarf;
				ENABLE_STRICT_OBJC_MSGSEND = YES;
				ENABLE_TESTABILITY = YES;
				GCC_C_LANGUAGE_STANDARD = gnu11;
				GCC_DYNAMIC_NO_PIC = NO;
				GCC_NO_COMMON_BLOCKS = YES;
				GCC_OPTIMIZATION_LEVEL = 0;
				GCC_PREPROCESSOR_DEFINITIONS = (
					"DEBUG=1",
					"$(inherited)",
				);
				GCC_WARN_64_TO_32_BIT_CONVERSION = YES;
				GCC_WARN_ABOUT_RETURN_TYPE = YES_ERROR;
				GCC_WARN_UNDECLARED_SELECTOR = YES;
				GCC_WARN_UNINITIALIZED_AUTOS = YES_AGGRESSIVE;
				GCC_WARN_UNUSED_FUNCTION = YES;
				GCC_WARN_UNUSED_VARIABLE = YES;
				IPHONEOS_DEPLOYMENT_TARGET = 13.5;
				MTL_ENABLE_DEBUG_INFO = INCLUDE_SOURCE;
				MTL_FAST_MATH = YES;
				ONLY_ACTIVE_ARCH = YES;
				SDKROOT = iphoneos;
				SWIFT_ACTIVE_COMPILATION_CONDITIONS = DEBUG;
				SWIFT_OPTIMIZATION_LEVEL = "-Onone";
			};
			name = Debug;
		};
		8264775B24A2396400AA26D7 /* Release */ = {
			isa = XCBuildConfiguration;
			buildSettings = {
				ALWAYS_SEARCH_USER_PATHS = NO;
				CLANG_ANALYZER_NONNULL = YES;
				CLANG_ANALYZER_NUMBER_OBJECT_CONVERSION = YES_AGGRESSIVE;
				CLANG_CXX_LANGUAGE_STANDARD = "gnu++14";
				CLANG_CXX_LIBRARY = "libc++";
				CLANG_ENABLE_MODULES = YES;
				CLANG_ENABLE_OBJC_ARC = YES;
				CLANG_ENABLE_OBJC_WEAK = YES;
				CLANG_WARN_BLOCK_CAPTURE_AUTORELEASING = YES;
				CLANG_WARN_BOOL_CONVERSION = YES;
				CLANG_WARN_COMMA = YES;
				CLANG_WARN_CONSTANT_CONVERSION = YES;
				CLANG_WARN_DEPRECATED_OBJC_IMPLEMENTATIONS = YES;
				CLANG_WARN_DIRECT_OBJC_ISA_USAGE = YES_ERROR;
				CLANG_WARN_DOCUMENTATION_COMMENTS = YES;
				CLANG_WARN_EMPTY_BODY = YES;
				CLANG_WARN_ENUM_CONVERSION = YES;
				CLANG_WARN_INFINITE_RECURSION = YES;
				CLANG_WARN_INT_CONVERSION = YES;
				CLANG_WARN_NON_LITERAL_NULL_CONVERSION = YES;
				CLANG_WARN_OBJC_IMPLICIT_RETAIN_SELF = YES;
				CLANG_WARN_OBJC_LITERAL_CONVERSION = YES;
				CLANG_WARN_OBJC_ROOT_CLASS = YES_ERROR;
				CLANG_WARN_RANGE_LOOP_ANALYSIS = YES;
				CLANG_WARN_STRICT_PROTOTYPES = YES;
				CLANG_WARN_SUSPICIOUS_MOVE = YES;
				CLANG_WARN_UNGUARDED_AVAILABILITY = YES_AGGRESSIVE;
				CLANG_WARN_UNREACHABLE_CODE = YES;
				CLANG_WARN__DUPLICATE_METHOD_MATCH = YES;
				COPY_PHASE_STRIP = NO;
				DEBUG_INFORMATION_FORMAT = "dwarf-with-dsym";
				ENABLE_NS_ASSERTIONS = NO;
				ENABLE_STRICT_OBJC_MSGSEND = YES;
				GCC_C_LANGUAGE_STANDARD = gnu11;
				GCC_NO_COMMON_BLOCKS = YES;
				GCC_WARN_64_TO_32_BIT_CONVERSION = YES;
				GCC_WARN_ABOUT_RETURN_TYPE = YES_ERROR;
				GCC_WARN_UNDECLARED_SELECTOR = YES;
				GCC_WARN_UNINITIALIZED_AUTOS = YES_AGGRESSIVE;
				GCC_WARN_UNUSED_FUNCTION = YES;
				GCC_WARN_UNUSED_VARIABLE = YES;
				IPHONEOS_DEPLOYMENT_TARGET = 13.5;
				MTL_ENABLE_DEBUG_INFO = NO;
				MTL_FAST_MATH = YES;
				SDKROOT = iphoneos;
				SWIFT_COMPILATION_MODE = wholemodule;
				SWIFT_OPTIMIZATION_LEVEL = "-O";
				VALIDATE_PRODUCT = YES;
			};
			name = Release;
		};
		8264775D24A2396400AA26D7 /* Debug */ = {
			isa = XCBuildConfiguration;
			buildSettings = {
				ASSETCATALOG_COMPILER_APPICON_NAME = AppIcon;
				CODE_SIGN_STYLE = Automatic;
				DEVELOPMENT_TEAM = 9Q73SFT485;
				INFOPLIST_FILE = LetsEat/Info.plist;
				LD_RUNPATH_SEARCH_PATHS = (
					"$(inherited)",
					"@executable_path/Frameworks",
				);
				PRODUCT_BUNDLE_IDENTIFIER = com.bosc.LetsEat;
				PRODUCT_NAME = "$(TARGET_NAME)";
				SWIFT_VERSION = 5.0;
				TARGETED_DEVICE_FAMILY = "1,2";
			};
			name = Debug;
		};
		8264775E24A2396400AA26D7 /* Release */ = {
			isa = XCBuildConfiguration;
			buildSettings = {
				ASSETCATALOG_COMPILER_APPICON_NAME = AppIcon;
				CODE_SIGN_STYLE = Automatic;
				DEVELOPMENT_TEAM = 9Q73SFT485;
				INFOPLIST_FILE = LetsEat/Info.plist;
				LD_RUNPATH_SEARCH_PATHS = (
					"$(inherited)",
					"@executable_path/Frameworks",
				);
				PRODUCT_BUNDLE_IDENTIFIER = com.bosc.LetsEat;
				PRODUCT_NAME = "$(TARGET_NAME)";
				SWIFT_VERSION = 5.0;
				TARGETED_DEVICE_FAMILY = "1,2";
			};
			name = Release;
		};
		8264776024A2396400AA26D7 /* Debug */ = {
			isa = XCBuildConfiguration;
			buildSettings = {
				ALWAYS_EMBED_SWIFT_STANDARD_LIBRARIES = YES;
				BUNDLE_LOADER = "$(TEST_HOST)";
				CODE_SIGN_STYLE = Automatic;
				DEVELOPMENT_TEAM = 9Q73SFT485;
				INFOPLIST_FILE = LetsEatTests/Info.plist;
				IPHONEOS_DEPLOYMENT_TARGET = 13.5;
				LD_RUNPATH_SEARCH_PATHS = (
					"$(inherited)",
					"@executable_path/Frameworks",
					"@loader_path/Frameworks",
				);
				PRODUCT_BUNDLE_IDENTIFIER = com.bosc.LetsEatTests;
				PRODUCT_NAME = "$(TARGET_NAME)";
				SWIFT_VERSION = 5.0;
				TARGETED_DEVICE_FAMILY = "1,2";
				TEST_HOST = "$(BUILT_PRODUCTS_DIR)/LetsEat.app/LetsEat";
			};
			name = Debug;
		};
		8264776124A2396400AA26D7 /* Release */ = {
			isa = XCBuildConfiguration;
			buildSettings = {
				ALWAYS_EMBED_SWIFT_STANDARD_LIBRARIES = YES;
				BUNDLE_LOADER = "$(TEST_HOST)";
				CODE_SIGN_STYLE = Automatic;
				DEVELOPMENT_TEAM = 9Q73SFT485;
				INFOPLIST_FILE = LetsEatTests/Info.plist;
				IPHONEOS_DEPLOYMENT_TARGET = 13.5;
				LD_RUNPATH_SEARCH_PATHS = (
					"$(inherited)",
					"@executable_path/Frameworks",
					"@loader_path/Frameworks",
				);
				PRODUCT_BUNDLE_IDENTIFIER = com.bosc.LetsEatTests;
				PRODUCT_NAME = "$(TARGET_NAME)";
				SWIFT_VERSION = 5.0;
				TARGETED_DEVICE_FAMILY = "1,2";
				TEST_HOST = "$(BUILT_PRODUCTS_DIR)/LetsEat.app/LetsEat";
			};
			name = Release;
		};
		8264776324A2396400AA26D7 /* Debug */ = {
			isa = XCBuildConfiguration;
			buildSettings = {
				ALWAYS_EMBED_SWIFT_STANDARD_LIBRARIES = YES;
				CODE_SIGN_STYLE = Automatic;
				DEVELOPMENT_TEAM = 9Q73SFT485;
				INFOPLIST_FILE = LetsEatUITests/Info.plist;
				LD_RUNPATH_SEARCH_PATHS = (
					"$(inherited)",
					"@executable_path/Frameworks",
					"@loader_path/Frameworks",
				);
				PRODUCT_BUNDLE_IDENTIFIER = com.bosc.LetsEatUITests;
				PRODUCT_NAME = "$(TARGET_NAME)";
				SWIFT_VERSION = 5.0;
				TARGETED_DEVICE_FAMILY = "1,2";
				TEST_TARGET_NAME = LetsEat;
			};
			name = Debug;
		};
		8264776424A2396400AA26D7 /* Release */ = {
			isa = XCBuildConfiguration;
			buildSettings = {
				ALWAYS_EMBED_SWIFT_STANDARD_LIBRARIES = YES;
				CODE_SIGN_STYLE = Automatic;
				DEVELOPMENT_TEAM = 9Q73SFT485;
				INFOPLIST_FILE = LetsEatUITests/Info.plist;
				LD_RUNPATH_SEARCH_PATHS = (
					"$(inherited)",
					"@executable_path/Frameworks",
					"@loader_path/Frameworks",
				);
				PRODUCT_BUNDLE_IDENTIFIER = com.bosc.LetsEatUITests;
				PRODUCT_NAME = "$(TARGET_NAME)";
				SWIFT_VERSION = 5.0;
				TARGETED_DEVICE_FAMILY = "1,2";
				TEST_TARGET_NAME = LetsEat;
			};
			name = Release;
		};
/* End XCBuildConfiguration section */

/* Begin XCConfigurationList section */
		8264772D24A2394D00AA26D7 /* Build configuration list for PBXProject "LetsEat" */ = {
			isa = XCConfigurationList;
			buildConfigurations = (
				8264775A24A2396400AA26D7 /* Debug */,
				8264775B24A2396400AA26D7 /* Release */,
			);
			defaultConfigurationIsVisible = 0;
			defaultConfigurationName = Release;
		};
		8264775C24A2396400AA26D7 /* Build configuration list for PBXNativeTarget "LetsEat" */ = {
			isa = XCConfigurationList;
			buildConfigurations = (
				8264775D24A2396400AA26D7 /* Debug */,
				8264775E24A2396400AA26D7 /* Release */,
			);
			defaultConfigurationIsVisible = 0;
			defaultConfigurationName = Release;
		};
		8264775F24A2396400AA26D7 /* Build configuration list for PBXNativeTarget "LetsEatTests" */ = {
			isa = XCConfigurationList;
			buildConfigurations = (
				8264776024A2396400AA26D7 /* Debug */,
				8264776124A2396400AA26D7 /* Release */,
			);
			defaultConfigurationIsVisible = 0;
			defaultConfigurationName = Release;
		};
		8264776224A2396400AA26D7 /* Build configuration list for PBXNativeTarget "LetsEatUITests" */ = {
			isa = XCConfigurationList;
			buildConfigurations = (
				8264776324A2396400AA26D7 /* Debug */,
				8264776424A2396400AA26D7 /* Release */,
			);
			defaultConfigurationIsVisible = 0;
			defaultConfigurationName = Release;
		};
/* End XCConfigurationList section */
	};
	rootObject = 8264772A24A2394D00AA26D7 /* Project object */;
}
